
Microsoft Visual Studio Solution File, Format Version 12.00
# Visual Studio Version 17
VisualStudioVersion = 17.11.35312.102
MinimumVisualStudioVersion = 10.0.40219.1
Project("{FAE04EC0-301F-11D3-BF4B-00C04F79EFBC}") = "ProjetoMatematico", "ProjetoMatematico\ProjetoMatematico.csproj", "{DC799B90-EA62-414D-9E95-AC439FA50709}"
EndProject
Global
	GlobalSection(SolutionConfigurationPlatforms) = preSolution
		Debug|Any CPU = Debug|Any CPU
		Release|Any CPU = Release|Any CPU
	EndGlobalSection
	GlobalSection(ProjectConfigurationPlatforms) = postSolution
		{DC799B90-EA62-414D-9E95-AC439FA50709}.Debug|Any CPU.ActiveCfg = Debug|Any CPU
		{DC799B90-EA62-414D-9E95-AC439FA50709}.Debug|Any CPU.Build.0 = Debug|Any CPU
		{DC799B90-EA62-414D-9E95-AC439FA50709}.Debug|Any CPU.Deploy.0 = Debug|Any CPU
		{DC799B90-EA62-414D-9E95-AC439FA50709}.Release|Any CPU.ActiveCfg = Release|Any CPU
		{DC799B90-EA62-414D-9E95-AC439FA50709}.Release|Any CPU.Build.0 = Release|Any CPU
		{DC799B90-EA62-414D-9E95-AC439FA50709}.Release|Any CPU.Deploy.0 = Release|Any CPU
	EndGlobalSection
	GlobalSection(SolutionProperties) = preSolution
		HideSolutionNode = FALSE
	EndGlobalSection
	GlobalSection(ExtensibilityGlobals) = postSolution
		SolutionGuid = {894D6F86-CD29-4072-9543-F851C86B94FB}
	EndGlobalSection
EndGlobal
